
Microsoft Visual Studio Solution File, Format Version 12.00
Project("{2150E333-8FDC-42A3-9474-1A3956D46DE8}") = "src", "src", "{827E0CD3-B72D-47B6-A68D-7590B98EB39B}"
EndProject
Project("{FAE04EC0-301F-11D3-BF4B-00C04F79EFBC}") = "ForgeFit.Domain", "src\ForgeFit.Domain\ForgeFit.Domain.csproj", "{2328A5C0-00D4-4E9A-AEEC-DE735A0A36A6}"
EndProject
Project("{FAE04EC0-301F-11D3-BF4B-00C04F79EFBC}") = "ForgeFit.Application", "src\ForgeFit.Application\ForgeFit.Application.csproj", "{8909844F-34CF-44FB-96B8-ACA6BBA07C94}"
EndProject
Project("{FAE04EC0-301F-11D3-BF4B-00C04F79EFBC}") = "ForgeFit.Infrastructure", "src\ForgeFit.Infrastructure\ForgeFit.Infrastructure.csproj", "{61FF24CF-C94E-4464-B204-E01ED62110A8}"
EndProject
Project("{FAE04EC0-301F-11D3-BF4B-00C04F79EFBC}") = "ForgeFit.Api", "src\ForgeFit.Api\ForgeFit.Api.csproj", "{7AC643DB-AD00-434F-AF26-96D01603C6DB}"
EndProject
Project("{2150E333-8FDC-42A3-9474-1A3956D46DE8}") = "Core", "Core", "{1EE5A225-2948-4064-8100-98C002C94F61}"
EndProject
Project("{2150E333-8FDC-42A3-9474-1A3956D46DE8}") = "ServerApp", "ServerApp", "{93056DAF-04DC-46A5-9395-974F19C66302}"
EndProject
Project("{2150E333-8FDC-42A3-9474-1A3956D46DE8}") = "Infrastructure", "Infrastructure", "{FD0B8F86-56C0-4999-A230-609D56BA85CD}"
EndProject
Project("{2150E333-8FDC-42A3-9474-1A3956D46DE8}") = "Presentation", "Presentation", "{B9022FFB-93C1-471D-B57A-E20F7CFB63FC}"
EndProject
Project("{2150E333-8FDC-42A3-9474-1A3956D46DE8}") = "ClientApp", "ClientApp", "{FAC355C0-8A05-4077-9438-5BFFD32F76D1}"
EndProject
Project("{FAE04EC0-301F-11D3-BF4B-00C04F79EFBC}") = "ForgeFit.MAUI", "src\ForgeFit.MAUI\ForgeFit.MAUI.csproj", "{7E23DAC9-7311-4763-A186-D9CD5CD3F06D}"
EndProject
Global
	GlobalSection(SolutionConfigurationPlatforms) = preSolution
		Debug|Any CPU = Debug|Any CPU
		Debug|x64 = Debug|x64
		Debug|x86 = Debug|x86
		Release|Any CPU = Release|Any CPU
		Release|x64 = Release|x64
		Release|x86 = Release|x86
	EndGlobalSection
	GlobalSection(ProjectConfigurationPlatforms) = postSolution
		{2328A5C0-00D4-4E9A-AEEC-DE735A0A36A6}.Debug|Any CPU.ActiveCfg = Debug|Any CPU
		{2328A5C0-00D4-4E9A-AEEC-DE735A0A36A6}.Debug|Any CPU.Build.0 = Debug|Any CPU
		{2328A5C0-00D4-4E9A-AEEC-DE735A0A36A6}.Debug|x64.ActiveCfg = Debug|Any CPU
		{2328A5C0-00D4-4E9A-AEEC-DE735A0A36A6}.Debug|x64.Build.0 = Debug|Any CPU
		{2328A5C0-00D4-4E9A-AEEC-DE735A0A36A6}.Debug|x86.ActiveCfg = Debug|Any CPU
		{2328A5C0-00D4-4E9A-AEEC-DE735A0A36A6}.Debug|x86.Build.0 = Debug|Any CPU
		{2328A5C0-00D4-4E9A-AEEC-DE735A0A36A6}.Release|Any CPU.ActiveCfg = Release|Any CPU
		{2328A5C0-00D4-4E9A-AEEC-DE735A0A36A6}.Release|Any CPU.Build.0 = Release|Any CPU
		{2328A5C0-00D4-4E9A-AEEC-DE735A0A36A6}.Release|x64.ActiveCfg = Release|Any CPU
		{2328A5C0-00D4-4E9A-AEEC-DE735A0A36A6}.Release|x64.Build.0 = Release|Any CPU
		{2328A5C0-00D4-4E9A-AEEC-DE735A0A36A6}.Release|x86.ActiveCfg = Release|Any CPU
		{2328A5C0-00D4-4E9A-AEEC-DE735A0A36A6}.Release|x86.Build.0 = Release|Any CPU
		{8909844F-34CF-44FB-96B8-ACA6BBA07C94}.Debug|Any CPU.ActiveCfg = Debug|Any CPU
		{8909844F-34CF-44FB-96B8-ACA6BBA07C94}.Debug|Any CPU.Build.0 = Debug|Any CPU
		{8909844F-34CF-44FB-96B8-ACA6BBA07C94}.Debug|x64.ActiveCfg = Debug|Any CPU
		{8909844F-34CF-44FB-96B8-ACA6BBA07C94}.Debug|x64.Build.0 = Debug|Any CPU
		{8909844F-34CF-44FB-96B8-ACA6BBA07C94}.Debug|x86.ActiveCfg = Debug|Any CPU
		{8909844F-34CF-44FB-96B8-ACA6BBA07C94}.Debug|x86.Build.0 = Debug|Any CPU
		{8909844F-34CF-44FB-96B8-ACA6BBA07C94}.Release|Any CPU.ActiveCfg = Release|Any CPU
		{8909844F-34CF-44FB-96B8-ACA6BBA07C94}.Release|Any CPU.Build.0 = Release|Any CPU
		{8909844F-34CF-44FB-96B8-ACA6BBA07C94}.Release|x64.ActiveCfg = Release|Any CPU
		{8909844F-34CF-44FB-96B8-ACA6BBA07C94}.Release|x64.Build.0 = Release|Any CPU
		{8909844F-34CF-44FB-96B8-ACA6BBA07C94}.Release|x86.ActiveCfg = Release|Any CPU
		{8909844F-34CF-44FB-96B8-ACA6BBA07C94}.Release|x86.Build.0 = Release|Any CPU
		{61FF24CF-C94E-4464-B204-E01ED62110A8}.Debug|Any CPU.ActiveCfg = Debug|Any CPU
		{61FF24CF-C94E-4464-B204-E01ED62110A8}.Debug|Any CPU.Build.0 = Debug|Any CPU
		{61FF24CF-C94E-4464-B204-E01ED62110A8}.Debug|x64.ActiveCfg = Debug|Any CPU
		{61FF24CF-C94E-4464-B204-E01ED62110A8}.Debug|x64.Build.0 = Debug|Any CPU
		{61FF24CF-C94E-4464-B204-E01ED62110A8}.Debug|x86.ActiveCfg = Debug|Any CPU
		{61FF24CF-C94E-4464-B204-E01ED62110A8}.Debug|x86.Build.0 = Debug|Any CPU
		{61FF24CF-C94E-4464-B204-E01ED62110A8}.Release|Any CPU.ActiveCfg = Release|Any CPU
		{61FF24CF-C94E-4464-B204-E01ED62110A8}.Release|Any CPU.Build.0 = Release|Any CPU
		{61FF24CF-C94E-4464-B204-E01ED62110A8}.Release|x64.ActiveCfg = Release|Any CPU
		{61FF24CF-C94E-4464-B204-E01ED62110A8}.Release|x64.Build.0 = Release|Any CPU
		{61FF24CF-C94E-4464-B204-E01ED62110A8}.Release|x86.ActiveCfg = Release|Any CPU
		{61FF24CF-C94E-4464-B204-E01ED62110A8}.Release|x86.Build.0 = Release|Any CPU
		{7AC643DB-AD00-434F-AF26-96D01603C6DB}.Debug|Any CPU.ActiveCfg = Debug|Any CPU
		{7AC643DB-AD00-434F-AF26-96D01603C6DB}.Debug|Any CPU.Build.0 = Debug|Any CPU
		{7AC643DB-AD00-434F-AF26-96D01603C6DB}.Debug|x64.ActiveCfg = Debug|Any CPU
		{7AC643DB-AD00-434F-AF26-96D01603C6DB}.Debug|x64.Build.0 = Debug|Any CPU
		{7AC643DB-AD00-434F-AF26-96D01603C6DB}.Debug|x86.ActiveCfg = Debug|Any CPU
		{7AC643DB-AD00-434F-AF26-96D01603C6DB}.Debug|x86.Build.0 = Debug|Any CPU
		{7AC643DB-AD00-434F-AF26-96D01603C6DB}.Release|Any CPU.ActiveCfg = Release|Any CPU
		{7AC643DB-AD00-434F-AF26-96D01603C6DB}.Release|Any CPU.Build.0 = Release|Any CPU
		{7AC643DB-AD00-434F-AF26-96D01603C6DB}.Release|x64.ActiveCfg = Release|Any CPU
		{7AC643DB-AD00-434F-AF26-96D01603C6DB}.Release|x64.Build.0 = Release|Any CPU
		{7AC643DB-AD00-434F-AF26-96D01603C6DB}.Release|x86.ActiveCfg = Release|Any CPU
		{7AC643DB-AD00-434F-AF26-96D01603C6DB}.Release|x86.Build.0 = Release|Any CPU
		{7E23DAC9-7311-4763-A186-D9CD5CD3F06D}.Debug|Any CPU.ActiveCfg = Debug|Any CPU
		{7E23DAC9-7311-4763-A186-D9CD5CD3F06D}.Debug|Any CPU.Build.0 = Debug|Any CPU
		{7E23DAC9-7311-4763-A186-D9CD5CD3F06D}.Debug|x64.ActiveCfg = Debug|Any CPU
		{7E23DAC9-7311-4763-A186-D9CD5CD3F06D}.Debug|x64.Build.0 = Debug|Any CPU
		{7E23DAC9-7311-4763-A186-D9CD5CD3F06D}.Debug|x86.ActiveCfg = Debug|Any CPU
		{7E23DAC9-7311-4763-A186-D9CD5CD3F06D}.Debug|x86.Build.0 = Debug|Any CPU
		{7E23DAC9-7311-4763-A186-D9CD5CD3F06D}.Release|Any CPU.ActiveCfg = Release|Any CPU
		{7E23DAC9-7311-4763-A186-D9CD5CD3F06D}.Release|Any CPU.Build.0 = Release|Any CPU
		{7E23DAC9-7311-4763-A186-D9CD5CD3F06D}.Release|x64.ActiveCfg = Release|Any CPU
		{7E23DAC9-7311-4763-A186-D9CD5CD3F06D}.Release|x64.Build.0 = Release|Any CPU
		{7E23DAC9-7311-4763-A186-D9CD5CD3F06D}.Release|x86.ActiveCfg = Release|Any CPU
		{7E23DAC9-7311-4763-A186-D9CD5CD3F06D}.Release|x86.Build.0 = Release|Any CPU
	EndGlobalSection
	GlobalSection(SolutionProperties) = preSolution
		HideSolutionNode = FALSE
	EndGlobalSection
	GlobalSection(NestedProjects) = preSolution
		{2328A5C0-00D4-4E9A-AEEC-DE735A0A36A6} = {1EE5A225-2948-4064-8100-98C002C94F61}
		{8909844F-34CF-44FB-96B8-ACA6BBA07C94} = {1EE5A225-2948-4064-8100-98C002C94F61}
		{93056DAF-04DC-46A5-9395-974F19C66302} = {827E0CD3-B72D-47B6-A68D-7590B98EB39B}
		{1EE5A225-2948-4064-8100-98C002C94F61} = {93056DAF-04DC-46A5-9395-974F19C66302}
		{FD0B8F86-56C0-4999-A230-609D56BA85CD} = {93056DAF-04DC-46A5-9395-974F19C66302}
		{61FF24CF-C94E-4464-B204-E01ED62110A8} = {FD0B8F86-56C0-4999-A230-609D56BA85CD}
		{B9022FFB-93C1-471D-B57A-E20F7CFB63FC} = {93056DAF-04DC-46A5-9395-974F19C66302}
		{7AC643DB-AD00-434F-AF26-96D01603C6DB} = {B9022FFB-93C1-471D-B57A-E20F7CFB63FC}
		{FAC355C0-8A05-4077-9438-5BFFD32F76D1} = {827E0CD3-B72D-47B6-A68D-7590B98EB39B}
		{7E23DAC9-7311-4763-A186-D9CD5CD3F06D} = {FAC355C0-8A05-4077-9438-5BFFD32F76D1}
	EndGlobalSection
EndGlobal
