
Microsoft Visual Studio Solution File, Format Version 12.00
Project("{2150E333-8FDC-42A3-9474-1A3956D46DE8}") = "ClientApp", "ClientApp", "{EDC81A18-62D3-4753-ACDE-AFEA361F7537}"
EndProject
Project("{2150E333-8FDC-42A3-9474-1A3956D46DE8}") = "ServerApp", "ServerApp", "{386ED2F6-EB7B-4CC8-B2FD-51E23D02F0E3}"
EndProject
Project("{FAE04EC0-301F-11D3-BF4B-00C04F79EFBC}") = "HabitsDaily.MAUI", "HabitsDaily.MAUI\HabitsDaily.MAUI.csproj", "{29CD595E-388F-4BFF-AE03-3CE9842D149D}"
EndProject
Project("{2150E333-8FDC-42A3-9474-1A3956D46DE8}") = "Core", "Core", "{A2943761-BE16-409B-A0EA-4E165DAB1764}"
EndProject
Project("{2150E333-8FDC-42A3-9474-1A3956D46DE8}") = "Infrastructure", "Infrastructure", "{7468DCCA-B6CE-4C55-8369-7B3C4CD6D467}"
EndProject
Project("{2150E333-8FDC-42A3-9474-1A3956D46DE8}") = "Presentation", "Presentation", "{740F8FA5-F996-4F79-9499-62DE905F1414}"
EndProject
Project("{FAE04EC0-301F-11D3-BF4B-00C04F79EFBC}") = "HabitsDaily.Application", "HabitsDaily.Application\HabitsDaily.Application.csproj", "{01322E91-E8E1-441D-8CF4-B47EF59EE23D}"
EndProject
Project("{FAE04EC0-301F-11D3-BF4B-00C04F79EFBC}") = "HabitsDaily.Domain", "HabitsDaily.Domain\HabitsDaily.Domain.csproj", "{9A705774-86CD-4BDB-A628-5AF9DBA619F5}"
EndProject
Project("{FAE04EC0-301F-11D3-BF4B-00C04F79EFBC}") = "HabitsDaily.API", "HabitsDaily.API\HabitsDaily.API.csproj", "{160C7ADA-2260-4083-9250-3DFF9EFF8546}"
EndProject
Global
	GlobalSection(SolutionConfigurationPlatforms) = preSolution
		Debug|Any CPU = Debug|Any CPU
		Release|Any CPU = Release|Any CPU
	EndGlobalSection
	GlobalSection(NestedProjects) = preSolution
		{29CD595E-388F-4BFF-AE03-3CE9842D149D} = {EDC81A18-62D3-4753-ACDE-AFEA361F7537}
		{A2943761-BE16-409B-A0EA-4E165DAB1764} = {386ED2F6-EB7B-4CC8-B2FD-51E23D02F0E3}
		{7468DCCA-B6CE-4C55-8369-7B3C4CD6D467} = {386ED2F6-EB7B-4CC8-B2FD-51E23D02F0E3}
		{740F8FA5-F996-4F79-9499-62DE905F1414} = {386ED2F6-EB7B-4CC8-B2FD-51E23D02F0E3}
		{01322E91-E8E1-441D-8CF4-B47EF59EE23D} = {A2943761-BE16-409B-A0EA-4E165DAB1764}
		{9A705774-86CD-4BDB-A628-5AF9DBA619F5} = {A2943761-BE16-409B-A0EA-4E165DAB1764}
		{160C7ADA-2260-4083-9250-3DFF9EFF8546} = {740F8FA5-F996-4F79-9499-62DE905F1414}
	EndGlobalSection
	GlobalSection(ProjectConfigurationPlatforms) = postSolution
		{29CD595E-388F-4BFF-AE03-3CE9842D149D}.Debug|Any CPU.ActiveCfg = Debug|Any CPU
		{29CD595E-388F-4BFF-AE03-3CE9842D149D}.Debug|Any CPU.Build.0 = Debug|Any CPU
		{29CD595E-388F-4BFF-AE03-3CE9842D149D}.Release|Any CPU.ActiveCfg = Release|Any CPU
		{29CD595E-388F-4BFF-AE03-3CE9842D149D}.Release|Any CPU.Build.0 = Release|Any CPU
		{01322E91-E8E1-441D-8CF4-B47EF59EE23D}.Debug|Any CPU.ActiveCfg = Debug|Any CPU
		{01322E91-E8E1-441D-8CF4-B47EF59EE23D}.Debug|Any CPU.Build.0 = Debug|Any CPU
		{01322E91-E8E1-441D-8CF4-B47EF59EE23D}.Release|Any CPU.ActiveCfg = Release|Any CPU
		{01322E91-E8E1-441D-8CF4-B47EF59EE23D}.Release|Any CPU.Build.0 = Release|Any CPU
		{9A705774-86CD-4BDB-A628-5AF9DBA619F5}.Debug|Any CPU.ActiveCfg = Debug|Any CPU
		{9A705774-86CD-4BDB-A628-5AF9DBA619F5}.Debug|Any CPU.Build.0 = Debug|Any CPU
		{9A705774-86CD-4BDB-A628-5AF9DBA619F5}.Release|Any CPU.ActiveCfg = Release|Any CPU
		{9A705774-86CD-4BDB-A628-5AF9DBA619F5}.Release|Any CPU.Build.0 = Release|Any CPU
		{160C7ADA-2260-4083-9250-3DFF9EFF8546}.Debug|Any CPU.ActiveCfg = Debug|Any CPU
		{160C7ADA-2260-4083-9250-3DFF9EFF8546}.Debug|Any CPU.Build.0 = Debug|Any CPU
		{160C7ADA-2260-4083-9250-3DFF9EFF8546}.Release|Any CPU.ActiveCfg = Release|Any CPU
		{160C7ADA-2260-4083-9250-3DFF9EFF8546}.Release|Any CPU.Build.0 = Release|Any CPU
	EndGlobalSection
EndGlobal
